// !$*UTF8*$!
{
	archiveVersion = 1;
	classes = {
	};
	objectVersion = 46;
	objects = {

/* Begin PBXBuildFile section */
		9CB9EFC2141A2641003B990E /* UIKit.framework in Frameworks */ = {isa = PBXBuildFile; fileRef = 9CB9EFC1141A2641003B990E /* UIKit.framework */; };
		9CB9EFC4141A2641003B990E /* Foundation.framework in Frameworks */ = {isa = PBXBuildFile; fileRef = 9CB9EFC3141A2641003B990E /* Foundation.framework */; };
		9CB9EFC6141A2641003B990E /* CoreGraphics.framework in Frameworks */ = {isa = PBXBuildFile; fileRef = 9CB9EFC5141A2641003B990E /* CoreGraphics.framework */; };
		9CB9EFCC141A2641003B990E /* InfoPlist.strings in Resources */ = {isa = PBXBuildFile; fileRef = 9CB9EFCA141A2641003B990E /* InfoPlist.strings */; };
		9CB9EFCE141A2641003B990E /* main.m in Sources */ = {isa = PBXBuildFile; fileRef = 9CB9EFCD141A2641003B990E /* main.m */; };
		9CB9EFD2141A2641003B990E /* ABPadLockScreenAppDelegate.m in Sources */ = {isa = PBXBuildFile; fileRef = 9CB9EFD1141A2641003B990E /* ABPadLockScreenAppDelegate.m */; };
		9CB9EFD5141A2641003B990E /* MainWindow.xib in Resources */ = {isa = PBXBuildFile; fileRef = 9CB9EFD3141A2641003B990E /* MainWindow.xib */; };
		9CB9EFE3141A2672003B990E /* YourViewController.m in Sources */ = {isa = PBXBuildFile; fileRef = 9CB9EFE2141A2672003B990E /* YourViewController.m */; };
		BF09507F15D175AA00FE03DA /* ABPadLockScreen.m in Sources */ = {isa = PBXBuildFile; fileRef = BF09506215D175AA00FE03DA /* ABPadLockScreen.m */; };
		BF09508015D175AA00FE03DA /* 0-selected.png in Resources */ = {isa = PBXBuildFile; fileRef = BF09506415D175AA00FE03DA /* 0-selected.png */; };
		BF09508115D175AA00FE03DA /* 0.png in Resources */ = {isa = PBXBuildFile; fileRef = BF09506515D175AA00FE03DA /* 0.png */; };
		BF09508215D175AA00FE03DA /* 1-selected.png in Resources */ = {isa = PBXBuildFile; fileRef = BF09506615D175AA00FE03DA /* 1-selected.png */; };
		BF09508315D175AA00FE03DA /* 1.png in Resources */ = {isa = PBXBuildFile; fileRef = BF09506715D175AA00FE03DA /* 1.png */; };
		BF09508415D175AA00FE03DA /* 2-selected.png in Resources */ = {isa = PBXBuildFile; fileRef = BF09506815D175AA00FE03DA /* 2-selected.png */; };
		BF09508515D175AA00FE03DA /* 2.png in Resources */ = {isa = PBXBuildFile; fileRef = BF09506915D175AA00FE03DA /* 2.png */; };
		BF09508615D175AA00FE03DA /* 3-selected.png in Resources */ = {isa = PBXBuildFile; fileRef = BF09506A15D175AA00FE03DA /* 3-selected.png */; };
		BF09508715D175AA00FE03DA /* 3.png in Resources */ = {isa = PBXBuildFile; fileRef = BF09506B15D175AA00FE03DA /* 3.png */; };
		BF09508815D175AA00FE03DA /* 4-selected.png in Resources */ = {isa = PBXBuildFile; fileRef = BF09506C15D175AA00FE03DA /* 4-selected.png */; };
		BF09508915D175AA00FE03DA /* 4.png in Resources */ = {isa = PBXBuildFile; fileRef = BF09506D15D175AA00FE03DA /* 4.png */; };
		BF09508A15D175AA00FE03DA /* 5-selected.png in Resources */ = {isa = PBXBuildFile; fileRef = BF09506E15D175AA00FE03DA /* 5-selected.png */; };
		BF09508B15D175AA00FE03DA /* 5.png in Resources */ = {isa = PBXBuildFile; fileRef = BF09506F15D175AA00FE03DA /* 5.png */; };
		BF09508C15D175AA00FE03DA /* 6-selected.png in Resources */ = {isa = PBXBuildFile; fileRef = BF09507015D175AA00FE03DA /* 6-selected.png */; };
		BF09508D15D175AA00FE03DA /* 6.png in Resources */ = {isa = PBXBuildFile; fileRef = BF09507115D175AA00FE03DA /* 6.png */; };
		BF09508E15D175AA00FE03DA /* 7-selected.png in Resources */ = {isa = PBXBuildFile; fileRef = BF09507215D175AA00FE03DA /* 7-selected.png */; };
		BF09508F15D175AA00FE03DA /* 7.png in Resources */ = {isa = PBXBuildFile; fileRef = BF09507315D175AA00FE03DA /* 7.png */; };
		BF09509015D175AA00FE03DA /* 8-selected.png in Resources */ = {isa = PBXBuildFile; fileRef = BF09507415D175AA00FE03DA /* 8-selected.png */; };
		BF09509115D175AA00FE03DA /* 8.png in Resources */ = {isa = PBXBuildFile; fileRef = BF09507515D175AA00FE03DA /* 8.png */; };
		BF09509215D175AA00FE03DA /* 9-selected.png in Resources */ = {isa = PBXBuildFile; fileRef = BF09507615D175AA00FE03DA /* 9-selected.png */; };
		BF09509315D175AA00FE03DA /* 9.png in Resources */ = {isa = PBXBuildFile; fileRef = BF09507715D175AA00FE03DA /* 9.png */; };
		BF09509415D175AA00FE03DA /* background.png in Resources */ = {isa = PBXBuildFile; fileRef = BF09507815D175AA00FE03DA /* background.png */; };
		BF09509515D175AA00FE03DA /* blank.png in Resources */ = {isa = PBXBuildFile; fileRef = BF09507915D175AA00FE03DA /* blank.png */; };
		BF09509615D175AA00FE03DA /* clear-selected.png in Resources */ = {isa = PBXBuildFile; fileRef = BF09507A15D175AA00FE03DA /* clear-selected.png */; };
		BF09509715D175AA00FE03DA /* clear.png in Resources */ = {isa = PBXBuildFile; fileRef = BF09507B15D175AA00FE03DA /* clear.png */; };
		BF09509815D175AA00FE03DA /* close.png in Resources */ = {isa = PBXBuildFile; fileRef = BF09507C15D175AA00FE03DA /* close.png */; };
		BF09509915D175AA00FE03DA /* error-box.png in Resources */ = {isa = PBXBuildFile; fileRef = BF09507D15D175AA00FE03DA /* error-box.png */; };
		BF09509A15D175AA00FE03DA /* input.png in Resources */ = {isa = PBXBuildFile; fileRef = BF09507E15D175AA00FE03DA /* input.png */; };
		BF3A794015DBFD5100E5E8A8 /* ABOTPPadLockScreen.m in Sources */ = {isa = PBXBuildFile; fileRef = BF3A793F15DBFD5100E5E8A8 /* ABOTPPadLockScreen.m */; };
		BF3A794315DBFDA800E5E8A8 /* background-otp.png in Resources */ = {isa = PBXBuildFile; fileRef = BF3A794215DBFDA800E5E8A8 /* background-otp.png */; };
		BFFD06F31619E40B00408163 /* ABPadLockScreen.strings in Resources */ = {isa = PBXBuildFile; fileRef = BFFD06F11619E40B00408163 /* ABPadLockScreen.strings */; };
/* End PBXBuildFile section */

/* Begin PBXFileReference section */
		9CB9EFBD141A2641003B990E /* ABPadLockScreen.app */ = {isa = PBXFileReference; explicitFileType = wrapper.application; includeInIndex = 0; path = ABPadLockScreen.app; sourceTree = BUILT_PRODUCTS_DIR; };
		9CB9EFC1141A2641003B990E /* UIKit.framework */ = {isa = PBXFileReference; lastKnownFileType = wrapper.framework; name = UIKit.framework; path = System/Library/Frameworks/UIKit.framework; sourceTree = SDKROOT; };
		9CB9EFC3141A2641003B990E /* Foundation.framework */ = {isa = PBXFileReference; lastKnownFileType = wrapper.framework; name = Foundation.framework; path = System/Library/Frameworks/Foundation.framework; sourceTree = SDKROOT; };
		9CB9EFC5141A2641003B990E /* CoreGraphics.framework */ = {isa = PBXFileReference; lastKnownFileType = wrapper.framework; name = CoreGraphics.framework; path = System/Library/Frameworks/CoreGraphics.framework; sourceTree = SDKROOT; };
		9CB9EFC9141A2641003B990E /* ABPadLockScreen-Info.plist */ = {isa = PBXFileReference; lastKnownFileType = text.plist.xml; path = "ABPadLockScreen-Info.plist"; sourceTree = "<group>"; };
		9CB9EFCB141A2641003B990E /* en */ = {isa = PBXFileReference; lastKnownFileType = text.plist.strings; name = en; path = en.lproj/InfoPlist.strings; sourceTree = "<group>"; };
		9CB9EFCD141A2641003B990E /* main.m */ = {isa = PBXFileReference; lastKnownFileType = sourcecode.c.objc; path = main.m; sourceTree = "<group>"; };
		9CB9EFCF141A2641003B990E /* ABPadLockScreen-Prefix.pch */ = {isa = PBXFileReference; lastKnownFileType = sourcecode.c.h; path = "ABPadLockScreen-Prefix.pch"; sourceTree = "<group>"; };
		9CB9EFD0141A2641003B990E /* ABPadLockScreenAppDelegate.h */ = {isa = PBXFileReference; lastKnownFileType = sourcecode.c.h; path = ABPadLockScreenAppDelegate.h; sourceTree = "<group>"; };
		9CB9EFD1141A2641003B990E /* ABPadLockScreenAppDelegate.m */ = {isa = PBXFileReference; lastKnownFileType = sourcecode.c.objc; path = ABPadLockScreenAppDelegate.m; sourceTree = "<group>"; };
		9CB9EFD4141A2641003B990E /* en */ = {isa = PBXFileReference; lastKnownFileType = file.xib; name = en; path = en.lproj/MainWindow.xib; sourceTree = "<group>"; };
		9CB9EFE1141A2672003B990E /* YourViewController.h */ = {isa = PBXFileReference; fileEncoding = 4; lastKnownFileType = sourcecode.c.h; path = YourViewController.h; sourceTree = "<group>"; };
		9CB9EFE2141A2672003B990E /* YourViewController.m */ = {isa = PBXFileReference; fileEncoding = 4; lastKnownFileType = sourcecode.c.objc; path = YourViewController.m; sourceTree = "<group>"; };
		BF09506115D175AA00FE03DA /* ABPadLockScreen.h */ = {isa = PBXFileReference; fileEncoding = 4; lastKnownFileType = sourcecode.c.h; path = ABPadLockScreen.h; sourceTree = "<group>"; };
		BF09506215D175AA00FE03DA /* ABPadLockScreen.m */ = {isa = PBXFileReference; fileEncoding = 4; lastKnownFileType = sourcecode.c.objc; path = ABPadLockScreen.m; sourceTree = "<group>"; };
		BF09506415D175AA00FE03DA /* 0-selected.png */ = {isa = PBXFileReference; lastKnownFileType = image.png; path = "0-selected.png"; sourceTree = "<group>"; };
		BF09506515D175AA00FE03DA /* 0.png */ = {isa = PBXFileReference; lastKnownFileType = image.png; path = 0.png; sourceTree = "<group>"; };
		BF09506615D175AA00FE03DA /* 1-selected.png */ = {isa = PBXFileReference; lastKnownFileType = image.png; path = "1-selected.png"; sourceTree = "<group>"; };
		BF09506715D175AA00FE03DA /* 1.png */ = {isa = PBXFileReference; lastKnownFileType = image.png; path = 1.png; sourceTree = "<group>"; };
		BF09506815D175AA00FE03DA /* 2-selected.png */ = {isa = PBXFileReference; lastKnownFileType = image.png; path = "2-selected.png"; sourceTree = "<group>"; };
		BF09506915D175AA00FE03DA /* 2.png */ = {isa = PBXFileReference; lastKnownFileType = image.png; path = 2.png; sourceTree = "<group>"; };
		BF09506A15D175AA00FE03DA /* 3-selected.png */ = {isa = PBXFileReference; lastKnownFileType = image.png; path = "3-selected.png"; sourceTree = "<group>"; };
		BF09506B15D175AA00FE03DA /* 3.png */ = {isa = PBXFileReference; lastKnownFileType = image.png; path = 3.png; sourceTree = "<group>"; };
		BF09506C15D175AA00FE03DA /* 4-selected.png */ = {isa = PBXFileReference; lastKnownFileType = image.png; path = "4-selected.png"; sourceTree = "<group>"; };
		BF09506D15D175AA00FE03DA /* 4.png */ = {isa = PBXFileReference; lastKnownFileType = image.png; path = 4.png; sourceTree = "<group>"; };
		BF09506E15D175AA00FE03DA /* 5-selected.png */ = {isa = PBXFileReference; lastKnownFileType = image.png; path = "5-selected.png"; sourceTree = "<group>"; };
		BF09506F15D175AA00FE03DA /* 5.png */ = {isa = PBXFileReference; lastKnownFileType = image.png; path = 5.png; sourceTree = "<group>"; };
		BF09507015D175AA00FE03DA /* 6-selected.png */ = {isa = PBXFileReference; lastKnownFileType = image.png; path = "6-selected.png"; sourceTree = "<group>"; };
		BF09507115D175AA00FE03DA /* 6.png */ = {isa = PBXFileReference; lastKnownFileType = image.png; path = 6.png; sourceTree = "<group>"; };
		BF09507215D175AA00FE03DA /* 7-selected.png */ = {isa = PBXFileReference; lastKnownFileType = image.png; path = "7-selected.png"; sourceTree = "<group>"; };
		BF09507315D175AA00FE03DA /* 7.png */ = {isa = PBXFileReference; lastKnownFileType = image.png; path = 7.png; sourceTree = "<group>"; };
		BF09507415D175AA00FE03DA /* 8-selected.png */ = {isa = PBXFileReference; lastKnownFileType = image.png; path = "8-selected.png"; sourceTree = "<group>"; };
		BF09507515D175AA00FE03DA /* 8.png */ = {isa = PBXFileReference; lastKnownFileType = image.png; path = 8.png; sourceTree = "<group>"; };
		BF09507615D175AA00FE03DA /* 9-selected.png */ = {isa = PBXFileReference; lastKnownFileType = image.png; path = "9-selected.png"; sourceTree = "<group>"; };
		BF09507715D175AA00FE03DA /* 9.png */ = {isa = PBXFileReference; lastKnownFileType = image.png; path = 9.png; sourceTree = "<group>"; };
		BF09507815D175AA00FE03DA /* background.png */ = {isa = PBXFileReference; lastKnownFileType = image.png; path = background.png; sourceTree = "<group>"; };
		BF09507915D175AA00FE03DA /* blank.png */ = {isa = PBXFileReference; lastKnownFileType = image.png; path = blank.png; sourceTree = "<group>"; };
		BF09507A15D175AA00FE03DA /* clear-selected.png */ = {isa = PBXFileReference; lastKnownFileType = image.png; path = "clear-selected.png"; sourceTree = "<group>"; };
		BF09507B15D175AA00FE03DA /* clear.png */ = {isa = PBXFileReference; lastKnownFileType = image.png; path = clear.png; sourceTree = "<group>"; };
		BF09507C15D175AA00FE03DA /* close.png */ = {isa = PBXFileReference; lastKnownFileType = image.png; path = close.png; sourceTree = "<group>"; };
		BF09507D15D175AA00FE03DA /* error-box.png */ = {isa = PBXFileReference; lastKnownFileType = image.png; path = "error-box.png"; sourceTree = "<group>"; };
		BF09507E15D175AA00FE03DA /* input.png */ = {isa = PBXFileReference; lastKnownFileType = image.png; path = input.png; sourceTree = "<group>"; };
		BF3A793E15DBFD5100E5E8A8 /* ABOTPPadLockScreen.h */ = {isa = PBXFileReference; fileEncoding = 4; lastKnownFileType = sourcecode.c.h; path = ABOTPPadLockScreen.h; sourceTree = "<group>"; };
		BF3A793F15DBFD5100E5E8A8 /* ABOTPPadLockScreen.m */ = {isa = PBXFileReference; fileEncoding = 4; lastKnownFileType = sourcecode.c.objc; path = ABOTPPadLockScreen.m; sourceTree = "<group>"; };
		BF3A794215DBFDA800E5E8A8 /* background-otp.png */ = {isa = PBXFileReference; lastKnownFileType = image.png; path = "background-otp.png"; sourceTree = "<group>"; };
		BFFD06F21619E40B00408163 /* en */ = {isa = PBXFileReference; lastKnownFileType = text.plist.strings; name = en; path = en.lproj/ABPadLockScreen.strings; sourceTree = "<group>"; };
		BFFD06F41619E43400408163 /* fr */ = {isa = PBXFileReference; lastKnownFileType = text.plist.strings; name = fr; path = fr.lproj/ABPadLockScreen.strings; sourceTree = "<group>"; };
		BFFD06F51619E43D00408163 /* de */ = {isa = PBXFileReference; lastKnownFileType = text.plist.strings; name = de; path = de.lproj/ABPadLockScreen.strings; sourceTree = "<group>"; };
		BFFD06F61619E44800408163 /* it */ = {isa = PBXFileReference; lastKnownFileType = text.plist.strings; name = it; path = it.lproj/ABPadLockScreen.strings; sourceTree = "<group>"; };
/* End PBXFileReference section */

/* Begin PBXFrameworksBuildPhase section */
		9CB9EFBA141A2641003B990E /* Frameworks */ = {
			isa = PBXFrameworksBuildPhase;
			buildActionMask = 2147483647;
			files = (
				9CB9EFC2141A2641003B990E /* UIKit.framework in Frameworks */,
				9CB9EFC4141A2641003B990E /* Foundation.framework in Frameworks */,
				9CB9EFC6141A2641003B990E /* CoreGraphics.framework in Frameworks */,
			);
			runOnlyForDeploymentPostprocessing = 0;
		};
/* End PBXFrameworksBuildPhase section */

/* Begin PBXGroup section */
		9CB9EFB2141A2641003B990E = {
			isa = PBXGroup;
			children = (
				9CB9EFC7141A2641003B990E /* ABPadLockScreenDemo */,
				9CB9EFC8141A2641003B990E /* Supporting Files */,
				9CB9EFC0141A2641003B990E /* Frameworks */,
				9CB9EFBE141A2641003B990E /* Products */,
			);
			sourceTree = "<group>";
		};
		9CB9EFBE141A2641003B990E /* Products */ = {
			isa = PBXGroup;
			children = (
				9CB9EFBD141A2641003B990E /* ABPadLockScreen.app */,
			);
			name = Products;
			sourceTree = "<group>";
		};
		9CB9EFC0141A2641003B990E /* Frameworks */ = {
			isa = PBXGroup;
			children = (
				9CB9EFC1141A2641003B990E /* UIKit.framework */,
				9CB9EFC3141A2641003B990E /* Foundation.framework */,
				9CB9EFC5141A2641003B990E /* CoreGraphics.framework */,
			);
			name = Frameworks;
			sourceTree = "<group>";
		};
		9CB9EFC7141A2641003B990E /* ABPadLockScreenDemo */ = {
			isa = PBXGroup;
			children = (
				BF09506015D175AA00FE03DA /* ABLockScreen */,
				9CB9EFD0141A2641003B990E /* ABPadLockScreenAppDelegate.h */,
				9CB9EFD1141A2641003B990E /* ABPadLockScreenAppDelegate.m */,
				9CB9EFE1141A2672003B990E /* YourViewController.h */,
				9CB9EFE2141A2672003B990E /* YourViewController.m */,
				9CB9EFD3141A2641003B990E /* MainWindow.xib */,
			);
			name = ABPadLockScreenDemo;
			path = ABPadLockScreen;
			sourceTree = "<group>";
		};
		9CB9EFC8141A2641003B990E /* Supporting Files */ = {
			isa = PBXGroup;
			children = (
				9CB9EFC9141A2641003B990E /* ABPadLockScreen-Info.plist */,
				9CB9EFCA141A2641003B990E /* InfoPlist.strings */,
				9CB9EFCD141A2641003B990E /* main.m */,
				9CB9EFCF141A2641003B990E /* ABPadLockScreen-Prefix.pch */,
				BFFD06F11619E40B00408163 /* ABPadLockScreen.strings */,
			);
			name = "Supporting Files";
			path = ABPadLockScreen;
			sourceTree = "<group>";
		};
		BF09506015D175AA00FE03DA /* ABLockScreen */ = {
			isa = PBXGroup;
			children = (
				BF09506315D175AA00FE03DA /* Assets */,
				BF09506115D175AA00FE03DA /* ABPadLockScreen.h */,
				BF09506215D175AA00FE03DA /* ABPadLockScreen.m */,
				BF3A793E15DBFD5100E5E8A8 /* ABOTPPadLockScreen.h */,
				BF3A793F15DBFD5100E5E8A8 /* ABOTPPadLockScreen.m */,
			);
			name = ABLockScreen;
			path = ../../ABLockScreen;
			sourceTree = "<group>";
		};
		BF09506315D175AA00FE03DA /* Assets */ = {
			isa = PBXGroup;
			children = (
				BF09506415D175AA00FE03DA /* 0-selected.png */,
				BF09506515D175AA00FE03DA /* 0.png */,
				BF09506615D175AA00FE03DA /* 1-selected.png */,
				BF09506715D175AA00FE03DA /* 1.png */,
				BF09506815D175AA00FE03DA /* 2-selected.png */,
				BF09506915D175AA00FE03DA /* 2.png */,
				BF09506A15D175AA00FE03DA /* 3-selected.png */,
				BF09506B15D175AA00FE03DA /* 3.png */,
				BF09506C15D175AA00FE03DA /* 4-selected.png */,
				BF09506D15D175AA00FE03DA /* 4.png */,
				BF09506E15D175AA00FE03DA /* 5-selected.png */,
				BF09506F15D175AA00FE03DA /* 5.png */,
				BF09507015D175AA00FE03DA /* 6-selected.png */,
				BF09507115D175AA00FE03DA /* 6.png */,
				BF09507215D175AA00FE03DA /* 7-selected.png */,
				BF09507315D175AA00FE03DA /* 7.png */,
				BF09507415D175AA00FE03DA /* 8-selected.png */,
				BF09507515D175AA00FE03DA /* 8.png */,
				BF09507615D175AA00FE03DA /* 9-selected.png */,
				BF09507715D175AA00FE03DA /* 9.png */,
				BF3A794215DBFDA800E5E8A8 /* background-otp.png */,
				BF09507815D175AA00FE03DA /* background.png */,
				BF09507915D175AA00FE03DA /* blank.png */,
				BF09507A15D175AA00FE03DA /* clear-selected.png */,
				BF09507B15D175AA00FE03DA /* clear.png */,
				BF09507C15D175AA00FE03DA /* close.png */,
				BF09507D15D175AA00FE03DA /* error-box.png */,
				BF09507E15D175AA00FE03DA /* input.png */,
			);
			path = Assets;
			sourceTree = "<group>";
		};
/* End PBXGroup section */

/* Begin PBXNativeTarget section */
		9CB9EFBC141A2641003B990E /* ABPadLockScreen */ = {
			isa = PBXNativeTarget;
			buildConfigurationList = 9CB9EFDE141A2641003B990E /* Build configuration list for PBXNativeTarget "ABPadLockScreen" */;
			buildPhases = (
				9CB9EFB9141A2641003B990E /* Sources */,
				9CB9EFBA141A2641003B990E /* Frameworks */,
				9CB9EFBB141A2641003B990E /* Resources */,
			);
			buildRules = (
			);
			dependencies = (
			);
			name = ABPadLockScreen;
			productName = ABPadLockScreen;
			productReference = 9CB9EFBD141A2641003B990E /* ABPadLockScreen.app */;
			productType = "com.apple.product-type.application";
		};
/* End PBXNativeTarget section */

/* Begin PBXProject section */
		9CB9EFB4141A2641003B990E /* Project object */ = {
			isa = PBXProject;
			attributes = {
				LastUpgradeCheck = 0440;
				ORGANIZATIONNAME = "Aron's IT Consultancy";
			};
			buildConfigurationList = 9CB9EFB7141A2641003B990E /* Build configuration list for PBXProject "ABPadLockScreen" */;
			compatibilityVersion = "Xcode 3.2";
			developmentRegion = English;
			hasScannedForEncodings = 0;
			knownRegions = (
				en,
				fr,
				de,
				it,
			);
			mainGroup = 9CB9EFB2141A2641003B990E;
			productRefGroup = 9CB9EFBE141A2641003B990E /* Products */;
			projectDirPath = "";
			projectRoot = "";
			targets = (
				9CB9EFBC141A2641003B990E /* ABPadLockScreen */,
			);
		};
/* End PBXProject section */

/* Begin PBXResourcesBuildPhase section */
		9CB9EFBB141A2641003B990E /* Resources */ = {
			isa = PBXResourcesBuildPhase;
			buildActionMask = 2147483647;
			files = (
				9CB9EFCC141A2641003B990E /* InfoPlist.strings in Resources */,
				9CB9EFD5141A2641003B990E /* MainWindow.xib in Resources */,
				BF09508015D175AA00FE03DA /* 0-selected.png in Resources */,
				BF09508115D175AA00FE03DA /* 0.png in Resources */,
				BF09508215D175AA00FE03DA /* 1-selected.png in Resources */,
				BF09508315D175AA00FE03DA /* 1.png in Resources */,
				BF09508415D175AA00FE03DA /* 2-selected.png in Resources */,
				BF09508515D175AA00FE03DA /* 2.png in Resources */,
				BF09508615D175AA00FE03DA /* 3-selected.png in Resources */,
				BF09508715D175AA00FE03DA /* 3.png in Resources */,
				BF09508815D175AA00FE03DA /* 4-selected.png in Resources */,
				BF09508915D175AA00FE03DA /* 4.png in Resources */,
				BF09508A15D175AA00FE03DA /* 5-selected.png in Resources */,
				BF09508B15D175AA00FE03DA /* 5.png in Resources */,
				BF09508C15D175AA00FE03DA /* 6-selected.png in Resources */,
				BF09508D15D175AA00FE03DA /* 6.png in Resources */,
				BF09508E15D175AA00FE03DA /* 7-selected.png in Resources */,
				BF09508F15D175AA00FE03DA /* 7.png in Resources */,
				BF09509015D175AA00FE03DA /* 8-selected.png in Resources */,
				BF09509115D175AA00FE03DA /* 8.png in Resources */,
				BF09509215D175AA00FE03DA /* 9-selected.png in Resources */,
				BF09509315D175AA00FE03DA /* 9.png in Resources */,
				BF09509415D175AA00FE03DA /* background.png in Resources */,
				BF09509515D175AA00FE03DA /* blank.png in Resources */,
				BF09509615D175AA00FE03DA /* clear-selected.png in Resources */,
				BF09509715D175AA00FE03DA /* clear.png in Resources */,
				BF09509815D175AA00FE03DA /* close.png in Resources */,
				BF09509915D175AA00FE03DA /* error-box.png in Resources */,
				BF09509A15D175AA00FE03DA /* input.png in Resources */,
				BF3A794315DBFDA800E5E8A8 /* background-otp.png in Resources */,
				BFFD06F31619E40B00408163 /* ABPadLockScreen.strings in Resources */,
			);
			runOnlyForDeploymentPostprocessing = 0;
		};
/* End PBXResourcesBuildPhase section */

/* Begin PBXSourcesBuildPhase section */
		9CB9EFB9141A2641003B990E /* Sources */ = {
			isa = PBXSourcesBuildPhase;
			buildActionMask = 2147483647;
			files = (
				9CB9EFCE141A2641003B990E /* main.m in Sources */,
				9CB9EFD2141A2641003B990E /* ABPadLockScreenAppDelegate.m in Sources */,
				9CB9EFE3141A2672003B990E /* YourViewController.m in Sources */,
				BF09507F15D175AA00FE03DA /* ABPadLockScreen.m in Sources */,
				BF3A794015DBFD5100E5E8A8 /* ABOTPPadLockScreen.m in Sources */,
			);
			runOnlyForDeploymentPostprocessing = 0;
		};
/* End PBXSourcesBuildPhase section */

/* Begin PBXVariantGroup section */
		9CB9EFCA141A2641003B990E /* InfoPlist.strings */ = {
			isa = PBXVariantGroup;
			children = (
				9CB9EFCB141A2641003B990E /* en */,
			);
			name = InfoPlist.strings;
			sourceTree = "<group>";
		};
		9CB9EFD3141A2641003B990E /* MainWindow.xib */ = {
			isa = PBXVariantGroup;
			children = (
				9CB9EFD4141A2641003B990E /* en */,
			);
			name = MainWindow.xib;
			sourceTree = "<group>";
		};
		BFFD06F11619E40B00408163 /* ABPadLockScreen.strings */ = {
			isa = PBXVariantGroup;
			children = (
				BFFD06F21619E40B00408163 /* en */,
				BFFD06F41619E43400408163 /* fr */,
				BFFD06F51619E43D00408163 /* de */,
				BFFD06F61619E44800408163 /* it */,
			);
			name = ABPadLockScreen.strings;
			sourceTree = "<group>";
		};
/* End PBXVariantGroup section */

/* Begin XCBuildConfiguration section */
		9CB9EFDC141A2641003B990E /* Debug */ = {
			isa = XCBuildConfiguration;
			buildSettings = {
				ALWAYS_SEARCH_USER_PATHS = NO;
				ARCHS = "$(ARCHS_UNIVERSAL_IPHONE_OS)";
				"CODE_SIGN_IDENTITY[sdk=iphoneos*]" = "iPhone Developer";
				COPY_PHASE_STRIP = NO;
				GCC_C_LANGUAGE_STANDARD = gnu99;
				GCC_DYNAMIC_NO_PIC = NO;
				GCC_OPTIMIZATION_LEVEL = 0;
				GCC_PREPROCESSOR_DEFINITIONS = (
					"DEBUG=1",
					"$(inherited)",
				);
				GCC_SYMBOLS_PRIVATE_EXTERN = NO;
				GCC_VERSION = com.apple.compilers.llvmgcc42;
				GCC_WARN_ABOUT_MISSING_PROTOTYPES = YES;
				GCC_WARN_ABOUT_RETURN_TYPE = YES;
				GCC_WARN_UNUSED_VARIABLE = YES;
				IPHONEOS_DEPLOYMENT_TARGET = 4.3;
				SDKROOT = iphoneos;
				TARGETED_DEVICE_FAMILY = 2;
			};
			name = Debug;
		};
		9CB9EFDD141A2641003B990E /* Release */ = {
			isa = XCBuildConfiguration;
			buildSettings = {
				ALWAYS_SEARCH_USER_PATHS = NO;
				ARCHS = "$(ARCHS_UNIVERSAL_IPHONE_OS)";
				"CODE_SIGN_IDENTITY[sdk=iphoneos*]" = "iPhone Developer";
				COPY_PHASE_STRIP = YES;
				GCC_C_LANGUAGE_STANDARD = gnu99;
				GCC_VERSION = com.apple.compilers.llvmgcc42;
				GCC_WARN_ABOUT_MISSING_PROTOTYPES = YES;
				GCC_WARN_ABOUT_RETURN_TYPE = YES;
				GCC_WARN_UNUSED_VARIABLE = YES;
				IPHONEOS_DEPLOYMENT_TARGET = 4.3;
				OTHER_CFLAGS = "-DNS_BLOCK_ASSERTIONS=1";
				SDKROOT = iphoneos;
				TARGETED_DEVICE_FAMILY = 2;
				VALIDATE_PRODUCT = YES;
			};
			name = Release;
		};
		9CB9EFDF141A2641003B990E /* Debug */ = {
			isa = XCBuildConfiguration;
			buildSettings = {
				CLANG_ENABLE_OBJC_ARC = YES;
				GCC_PRECOMPILE_PREFIX_HEADER = YES;
				GCC_PREFIX_HEADER = "ABPadLockScreen/ABPadLockScreen-Prefix.pch";
				GCC_VERSION = com.apple.compilers.llvm.clang.1_0;
				INFOPLIST_FILE = "ABPadLockScreen/ABPadLockScreen-Info.plist";
				PRODUCT_NAME = "$(TARGET_NAME)";
				WRAPPER_EXTENSION = app;
			};
			name = Debug;
		};
		9CB9EFE0141A2641003B990E /* Release */ = {
			isa = XCBuildConfiguration;
			buildSettings = {
				CLANG_ENABLE_OBJC_ARC = YES;
				GCC_PRECOMPILE_PREFIX_HEADER = YES;
				GCC_PREFIX_HEADER = "ABPadLockScreen/ABPadLockScreen-Prefix.pch";
				GCC_VERSION = com.apple.compilers.llvm.clang.1_0;
				INFOPLIST_FILE = "ABPadLockScreen/ABPadLockScreen-Info.plist";
				PRODUCT_NAME = "$(TARGET_NAME)";
				WRAPPER_EXTENSION = app;
			};
			name = Release;
		};
/* End XCBuildConfiguration section */

/* Begin XCConfigurationList section */
		9CB9EFB7141A2641003B990E /* Build configuration list for PBXProject "ABPadLockScreen" */ = {
			isa = XCConfigurationList;
			buildConfigurations = (
				9CB9EFDC141A2641003B990E /* Debug */,
				9CB9EFDD141A2641003B990E /* Release */,
			);
			defaultConfigurationIsVisible = 0;
			defaultConfigurationName = Release;
		};
		9CB9EFDE141A2641003B990E /* Build configuration list for PBXNativeTarget "ABPadLockScreen" */ = {
			isa = XCConfigurationList;
			buildConfigurations = (
				9CB9EFDF141A2641003B990E /* Debug */,
				9CB9EFE0141A2641003B990E /* Release */,
			);
			defaultConfigurationIsVisible = 0;
			defaultConfigurationName = Release;
		};
/* End XCConfigurationList section */
	};
	rootObject = 9CB9EFB4141A2641003B990E /* Project object */;
}
